
Microsoft Visual Studio Solution File, Format Version 12.00
# Visual Studio Version 17
VisualStudioVersion = 17.9.34723.18
MinimumVisualStudioVersion = 10.0.40219.1
Project("{FAE04EC0-301F-11D3-BF4B-00C04F79EFBC}") = "Avtoservice", "Avtoservice\Avtoservice.csproj", "{517AB64C-12FA-47B5-AE59-4CAB67A17574}"
EndProject
Global
	GlobalSection(SolutionConfigurationPlatforms) = preSolution
		Debug|Any CPU = Debug|Any CPU
		Release|Any CPU = Release|Any CPU
	EndGlobalSection
	GlobalSection(ProjectConfigurationPlatforms) = postSolution
		{517AB64C-12FA-47B5-AE59-4CAB67A17574}.Debug|Any CPU.ActiveCfg = Debug|Any CPU
		{517AB64C-12FA-47B5-AE59-4CAB67A17574}.Debug|Any CPU.Build.0 = Debug|Any CPU
		{517AB64C-12FA-47B5-AE59-4CAB67A17574}.Release|Any CPU.ActiveCfg = Release|Any CPU
		{517AB64C-12FA-47B5-AE59-4CAB67A17574}.Release|Any CPU.Build.0 = Release|Any CPU
	EndGlobalSection
	GlobalSection(SolutionProperties) = preSolution
		HideSolutionNode = FALSE
	EndGlobalSection
	GlobalSection(ExtensibilityGlobals) = postSolution
		SolutionGuid = {58DDC38E-4D12-4A4E-9D27-DB181496CEE3}
	EndGlobalSection
EndGlobal
